
Microsoft Visual Studio Solution File, Format Version 12.00
# Visual Studio Version 17
VisualStudioVersion = 17.9.34607.119
MinimumVisualStudioVersion = 10.0.40219.1
Project("{8BC9CEB8-8B4A-11D0-8D11-00A0C91BC942}") = "PL0_MFC", "PL0_MFC\PL0_MFC.vcxproj", "{184F90EA-A0EA-4B74-9FB5-D4CB6E802B4A}"
EndProject
Global
	GlobalSection(SolutionConfigurationPlatforms) = preSolution
		Debug|x64 = Debug|x64
		Debug|x86 = Debug|x86
		Release|x64 = Release|x64
		Release|x86 = Release|x86
	EndGlobalSection
	GlobalSection(ProjectConfigurationPlatforms) = postSolution
		{184F90EA-A0EA-4B74-9FB5-D4CB6E802B4A}.Debug|x64.ActiveCfg = Debug|x64
		{184F90EA-A0EA-4B74-9FB5-D4CB6E802B4A}.Debug|x64.Build.0 = Debug|x64
		{184F90EA-A0EA-4B74-9FB5-D4CB6E802B4A}.Debug|x86.ActiveCfg = Debug|Win32
		{184F90EA-A0EA-4B74-9FB5-D4CB6E802B4A}.Debug|x86.Build.0 = Debug|Win32
		{184F90EA-A0EA-4B74-9FB5-D4CB6E802B4A}.Release|x64.ActiveCfg = Release|x64
		{184F90EA-A0EA-4B74-9FB5-D4CB6E802B4A}.Release|x64.Build.0 = Release|x64
		{184F90EA-A0EA-4B74-9FB5-D4CB6E802B4A}.Release|x86.ActiveCfg = Release|Win32
		{184F90EA-A0EA-4B74-9FB5-D4CB6E802B4A}.Release|x86.Build.0 = Release|Win32
	EndGlobalSection
	GlobalSection(SolutionProperties) = preSolution
		HideSolutionNode = FALSE
	EndGlobalSection
	GlobalSection(ExtensibilityGlobals) = postSolution
		SolutionGuid = {575C80B9-BDB5-44F4-BBF7-73A110D0B0E6}
	EndGlobalSection
EndGlobal
